{"version":4,"terraform_version":"1.11.1","serial":2,"lineage":"75eb899d-367e-47d5-7a22-22b6dd786cc7","outputs":{},"resources":[{"mode":"data","type":"nsxt_policy_edge_cluster","name":"edge_cluster","provider":"provider[\"registry.opentofu.org/hashicorp/nsxt\"]","instances":[{"schema_version":0,"attributes":{"description":"","display_name":"edgecluster","id":"d3ff1a55-d95b-4306-80e8-4b3ded8947a7","path":"/infra/sites/default/enforcement-points/default/edge-clusters/d3ff1a55-d95b-4306-80e8-4b3ded8947a7","site_path":null},"sensitive_attributes":[]}]},{"mode":"managed","type":"nsxt_policy_tier0_gateway","name":"tier0_gw","provider":"provider[\"registry.opentofu.org/hashicorp/nsxt\"]","instances":[{"schema_version":0,"attributes":{"advanced_config":[{"connectivity":"ON","forwarding_up_timer":5}],"bgp_config":[{"ecmp":true,"enabled":true,"graceful_restart_mode":"HELPER_ONLY","graceful_restart_stale_route_timer":600,"graceful_restart_timer":180,"inter_sr_ibgp":true,"local_as_num":"65000","multipath_relax":true,"path":"/infra/tier-0s/032dc8f7-24c3-44a1-80be-3be10c7e54c9/locale-services/f36802ed-52d6-4343-8453-499a3661d608/bgp","revision":0,"route_aggregation":[],"tag":[]}],"default_rule_logging":false,"description":"Tier-0 Gateway deployed via Terraform","dhcp_config_path":null,"display_name":"Tier-0-Gateway","edge_cluster_path":"/infra/sites/default/enforcement-points/default/edge-clusters/d3ff1a55-d95b-4306-80e8-4b3ded8947a7","enable_firewall":true,"enable_rd_per_edge":false,"failover_mode":"PREEMPTIVE","force_whitelisting":false,"ha_mode":"ACTIVE_ACTIVE","id":"032dc8f7-24c3-44a1-80be-3be10c7e54c9","internal_transit_subnets":["169.254.0.0/24"],"intersite_config":[],"ipv6_dad_profile_path":"/infra/ipv6-dad-profiles/default","ipv6_ndra_profile_path":"/infra/ipv6-ndra-profiles/default","locale_service":[],"multi_vrf_inter_sr":false,"nsx_id":"032dc8f7-24c3-44a1-80be-3be10c7e54c9","path":"/infra/tier-0s/032dc8f7-24c3-44a1-80be-3be10c7e54c9","rd_admin_address":"","redistribution_config":[],"redistribution_set":false,"revision":0,"tag":[],"transit_subnets":["100.64.0.0/16"],"vrf_config":[],"vrf_transit_subnets":["169.254.2.0/23"]},"sensitive_attributes":[],"private":"bnVsbA==","dependencies":["data.nsxt_policy_edge_cluster.edge_cluster"]}]},{"mode":"managed","type":"nsxt_policy_tier1_gateway","name":"tier1_gw","provider":"provider[\"registry.opentofu.org/hashicorp/nsxt\"]","instances":[{"schema_version":0,"attributes":{"context":[],"default_rule_logging":false,"description":"Tier-1 Gateway deployed via Terraform","dhcp_config_path":null,"display_name":"Tier-1-Gateway","edge_cluster_path":"","egress_qos_profile_path":null,"enable_firewall":true,"enable_standby_relocation":false,"failover_mode":"PREEMPTIVE","force_whitelisting":false,"ha_mode":"NONE","id":"fb068c92-fd54-4675-a145-de2deb928cf2","ingress_qos_profile_path":null,"intersite_config":[],"ipv6_dad_profile_path":"/infra/ipv6-dad-profiles/default","ipv6_ndra_profile_path":"/infra/ipv6-ndra-profiles/default","locale_service":[],"nsx_id":"fb068c92-fd54-4675-a145-de2deb928cf2","path":"/infra/tier-1s/fb068c92-fd54-4675-a145-de2deb928cf2","pool_allocation":"ROUTING","revision":0,"route_advertisement_rule":[],"route_advertisement_types":["TIER1_CONNECTED","TIER1_STATIC_ROUTES"],"tag":[],"tier0_path":"/infra/tier-0s/032dc8f7-24c3-44a1-80be-3be10c7e54c9","type":null},"sensitive_attributes":[],"private":"bnVsbA==","dependencies":["data.nsxt_policy_edge_cluster.edge_cluster","nsxt_policy_tier0_gateway.tier0_gw"]}]}],"check_results":null}
